
Microsoft Visual Studio Solution File, Format Version 12.00
# Visual Studio Version 17
VisualStudioVersion = 17.12.35527.113
MinimumVisualStudioVersion = 10.0.40219.1
Project("{FAE04EC0-301F-11D3-BF4B-00C04F79EFBC}") = "Challenge App", "Challenge App\Challenge App.csproj", "{02CF46EC-7D42-4886-BE8A-DC470B1BA604}"
EndProject
Project("{FAE04EC0-301F-11D3-BF4B-00C04F79EFBC}") = "Challenge-App-Tests", "Challenge-App-Tests\Challenge-App-Tests.csproj", "{5D295CB3-66B8-46A0-B273-51D055132248}"
EndProject
Global
	GlobalSection(SolutionConfigurationPlatforms) = preSolution
		Debug|Any CPU = Debug|Any CPU
		Release|Any CPU = Release|Any CPU
	EndGlobalSection
	GlobalSection(ProjectConfigurationPlatforms) = postSolution
		{02CF46EC-7D42-4886-BE8A-DC470B1BA604}.Debug|Any CPU.ActiveCfg = Debug|Any CPU
		{02CF46EC-7D42-4886-BE8A-DC470B1BA604}.Debug|Any CPU.Build.0 = Debug|Any CPU
		{02CF46EC-7D42-4886-BE8A-DC470B1BA604}.Release|Any CPU.ActiveCfg = Release|Any CPU
		{02CF46EC-7D42-4886-BE8A-DC470B1BA604}.Release|Any CPU.Build.0 = Release|Any CPU
		{5D295CB3-66B8-46A0-B273-51D055132248}.Debug|Any CPU.ActiveCfg = Debug|Any CPU
		{5D295CB3-66B8-46A0-B273-51D055132248}.Debug|Any CPU.Build.0 = Debug|Any CPU
		{5D295CB3-66B8-46A0-B273-51D055132248}.Release|Any CPU.ActiveCfg = Release|Any CPU
		{5D295CB3-66B8-46A0-B273-51D055132248}.Release|Any CPU.Build.0 = Release|Any CPU
	EndGlobalSection
	GlobalSection(SolutionProperties) = preSolution
		HideSolutionNode = FALSE
	EndGlobalSection
EndGlobal
